
Microsoft Visual Studio Solution File, Format Version 12.00
# Visual Studio Version 17
VisualStudioVersion = 17.3.32825.248
MinimumVisualStudioVersion = 10.0.40219.1
Project("{FAE04EC0-301F-11D3-BF4B-00C04F79EFBC}") = "Tema 2", "Tema 2\Tema 2.csproj", "{6227320B-E184-49B7-93AE-0A1A0509CE44}"
EndProject
Global
	GlobalSection(SolutionConfigurationPlatforms) = preSolution
		Debug|Any CPU = Debug|Any CPU
		Release|Any CPU = Release|Any CPU
	EndGlobalSection
	GlobalSection(ProjectConfigurationPlatforms) = postSolution
		{6227320B-E184-49B7-93AE-0A1A0509CE44}.Debug|Any CPU.ActiveCfg = Debug|Any CPU
		{6227320B-E184-49B7-93AE-0A1A0509CE44}.Debug|Any CPU.Build.0 = Debug|Any CPU
		{6227320B-E184-49B7-93AE-0A1A0509CE44}.Release|Any CPU.ActiveCfg = Release|Any CPU
		{6227320B-E184-49B7-93AE-0A1A0509CE44}.Release|Any CPU.Build.0 = Release|Any CPU
	EndGlobalSection
	GlobalSection(SolutionProperties) = preSolution
		HideSolutionNode = FALSE
	EndGlobalSection
	GlobalSection(ExtensibilityGlobals) = postSolution
		SolutionGuid = {1C37D0A2-4389-4E6D-BA0B-79B4C8AB84BA}
	EndGlobalSection
EndGlobal
